Microsoft Visual Studio Solution File, Format Version 12.00
# Visual Studio Version 17
VisualStudioVersion = 17.5.2.0
MinimumVisualStudioVersion = 10.0.40219.1
Project("{FAE04EC0-301F-11D3-BF4B-00C04F79EFBC}") = "ServerDoAn", "ServerDoAn\ServerDoAn.csproj", "{2FB8A33E-2410-3F6D-045D-7A46AF7E440A}"
EndProject
Global
	GlobalSection(SolutionConfigurationPlatforms) = preSolution
		Debug|Any CPU = Debug|Any CPU
		Release|Any CPU = Release|Any CPU
	EndGlobalSection
	GlobalSection(ProjectConfigurationPlatforms) = postSolution
		{2FB8A33E-2410-3F6D-045D-7A46AF7E440A}.Debug|Any CPU.ActiveCfg = Debug|Any CPU
		{2FB8A33E-2410-3F6D-045D-7A46AF7E440A}.Debug|Any CPU.Build.0 = Debug|Any CPU
		{2FB8A33E-2410-3F6D-045D-7A46AF7E440A}.Release|Any CPU.ActiveCfg = Release|Any CPU
		{2FB8A33E-2410-3F6D-045D-7A46AF7E440A}.Release|Any CPU.Build.0 = Release|Any CPU
	EndGlobalSection
	GlobalSection(SolutionProperties) = preSolution
		HideSolutionNode = FALSE
	EndGlobalSection
	GlobalSection(ExtensibilityGlobals) = postSolution
		SolutionGuid = {1F2D7C35-5083-4F49-A6CB-B9D0A66F9658}
	EndGlobalSection
EndGlobal
